
Microsoft Visual Studio Solution File, Format Version 12.00
# Visual Studio Version 16
VisualStudioVersion = 16.0.30503.244
MinimumVisualStudioVersion = 10.0.40219.1
Project("{8BC9CEB8-8B4A-11D0-8D11-00A0C91BC942}") = "01_HelloWorld", "01_HelloWorld.vcxproj", "{E89F2C27-D54F-4B58-A60F-6066653EE5B5}"
EndProject
Project("{8BC9CEB8-8B4A-11D0-8D11-00A0C91BC942}") = "02_InputOutput", "..\02_InputOutput\02_InputOutput.vcxproj", "{34E5F155-8D87-4D70-986E-09DCF52F321E}"
EndProject
Project("{8BC9CEB8-8B4A-11D0-8D11-00A0C91BC942}") = "03_MyInfo", "..\03_MyInfo\03_MyInfo.vcxproj", "{751A5603-2E5F-4D77-BE87-362A197DD28C}"
EndProject
Global
	GlobalSection(SolutionConfigurationPlatforms) = preSolution
		Debug|x64 = Debug|x64
		Debug|x86 = Debug|x86
		Release|x64 = Release|x64
		Release|x86 = Release|x86
	EndGlobalSection
	GlobalSection(ProjectConfigurationPlatforms) = postSolution
		{E89F2C27-D54F-4B58-A60F-6066653EE5B5}.Debug|x64.ActiveCfg = Debug|x64
		{E89F2C27-D54F-4B58-A60F-6066653EE5B5}.Debug|x64.Build.0 = Debug|x64
		{E89F2C27-D54F-4B58-A60F-6066653EE5B5}.Debug|x86.ActiveCfg = Debug|Win32
		{E89F2C27-D54F-4B58-A60F-6066653EE5B5}.Debug|x86.Build.0 = Debug|Win32
		{E89F2C27-D54F-4B58-A60F-6066653EE5B5}.Release|x64.ActiveCfg = Release|x64
		{E89F2C27-D54F-4B58-A60F-6066653EE5B5}.Release|x64.Build.0 = Release|x64
		{E89F2C27-D54F-4B58-A60F-6066653EE5B5}.Release|x86.ActiveCfg = Release|Win32
		{E89F2C27-D54F-4B58-A60F-6066653EE5B5}.Release|x86.Build.0 = Release|Win32
		{34E5F155-8D87-4D70-986E-09DCF52F321E}.Debug|x64.ActiveCfg = Debug|x64
		{34E5F155-8D87-4D70-986E-09DCF52F321E}.Debug|x64.Build.0 = Debug|x64
		{34E5F155-8D87-4D70-986E-09DCF52F321E}.Debug|x86.ActiveCfg = Debug|Win32
		{34E5F155-8D87-4D70-986E-09DCF52F321E}.Debug|x86.Build.0 = Debug|Win32
		{34E5F155-8D87-4D70-986E-09DCF52F321E}.Release|x64.ActiveCfg = Release|x64
		{34E5F155-8D87-4D70-986E-09DCF52F321E}.Release|x64.Build.0 = Release|x64
		{34E5F155-8D87-4D70-986E-09DCF52F321E}.Release|x86.ActiveCfg = Release|Win32
		{34E5F155-8D87-4D70-986E-09DCF52F321E}.Release|x86.Build.0 = Release|Win32
		{751A5603-2E5F-4D77-BE87-362A197DD28C}.Debug|x64.ActiveCfg = Debug|x64
		{751A5603-2E5F-4D77-BE87-362A197DD28C}.Debug|x64.Build.0 = Debug|x64
		{751A5603-2E5F-4D77-BE87-362A197DD28C}.Debug|x86.ActiveCfg = Debug|Win32
		{751A5603-2E5F-4D77-BE87-362A197DD28C}.Debug|x86.Build.0 = Debug|Win32
		{751A5603-2E5F-4D77-BE87-362A197DD28C}.Release|x64.ActiveCfg = Release|x64
		{751A5603-2E5F-4D77-BE87-362A197DD28C}.Release|x64.Build.0 = Release|x64
		{751A5603-2E5F-4D77-BE87-362A197DD28C}.Release|x86.ActiveCfg = Release|Win32
		{751A5603-2E5F-4D77-BE87-362A197DD28C}.Release|x86.Build.0 = Release|Win32
	EndGlobalSection
	GlobalSection(SolutionProperties) = preSolution
		HideSolutionNode = FALSE
	EndGlobalSection
	GlobalSection(ExtensibilityGlobals) = postSolution
		SolutionGuid = {197DD717-AC14-4C1C-8270-420122C0D445}
	EndGlobalSection
EndGlobal
